
Microsoft Visual Studio Solution File, Format Version 12.00
# Visual Studio Version 16
VisualStudioVersion = 16.0.29519.87
MinimumVisualStudioVersion = 10.0.40219.1
Project("{FAE04EC0-301F-11D3-BF4B-00C04F79EFBC}") = "App1.UWP", "App1.UWP\App1.UWP.csproj", "{057709B3-F8BF-4802-B391-B52A85A1A24A}"
EndProject
Project("{FAE04EC0-301F-11D3-BF4B-00C04F79EFBC}") = "App1.Android", "App1.Android\App1.Android.csproj", "{814076DD-57B4-4A6D-8D87-8E432B8C019F}"
EndProject
Project("{FAE04EC0-301F-11D3-BF4B-00C04F79EFBC}") = "App1.iOS", "App1.iOS\App1.iOS.csproj", "{E2F555C5-31F1-4B28-982B-816C849B69BC}"
EndProject
Project("{FAE04EC0-301F-11D3-BF4B-00C04F79EFBC}") = "App1", "App1\App1.csproj", "{B128FC3D-FFE1-4A62-BA7A-EF1D0908140E}"
EndProject
Global
	GlobalSection(SolutionConfigurationPlatforms) = preSolution
		Debug|Any CPU = Debug|Any CPU
		Debug|ARM = Debug|ARM
		Debug|iPhone = Debug|iPhone
		Debug|iPhoneSimulator = Debug|iPhoneSimulator
		Debug|x64 = Debug|x64
		Debug|x86 = Debug|x86
		Release|Any CPU = Release|Any CPU
		Release|ARM = Release|ARM
		Release|iPhone = Release|iPhone
		Release|iPhoneSimulator = Release|iPhoneSimulator
		Release|x64 = Release|x64
		Release|x86 = Release|x86
	EndGlobalSection
	GlobalSection(ProjectConfigurationPlatforms) = postSolution
		{057709B3-F8BF-4802-B391-B52A85A1A24A}.Debug|Any CPU.ActiveCfg = Debug|x86
		{057709B3-F8BF-4802-B391-B52A85A1A24A}.Debug|Any CPU.Build.0 = Debug|x86
		{057709B3-F8BF-4802-B391-B52A85A1A24A}.Debug|Any CPU.Deploy.0 = Debug|x86
		{057709B3-F8BF-4802-B391-B52A85A1A24A}.Debug|ARM.ActiveCfg = Debug|ARM
		{057709B3-F8BF-4802-B391-B52A85A1A24A}.Debug|ARM.Build.0 = Debug|ARM
		{057709B3-F8BF-4802-B391-B52A85A1A24A}.Debug|ARM.Deploy.0 = Debug|ARM
		{057709B3-F8BF-4802-B391-B52A85A1A24A}.Debug|iPhone.ActiveCfg = Debug|x86
		{057709B3-F8BF-4802-B391-B52A85A1A24A}.Debug|iPhone.Build.0 = Debug|x86
		{057709B3-F8BF-4802-B391-B52A85A1A24A}.Debug|iPhone.Deploy.0 = Debug|x86
		{057709B3-F8BF-4802-B391-B52A85A1A24A}.Debug|iPhoneSimulator.ActiveCfg = Debug|x86
		{057709B3-F8BF-4802-B391-B52A85A1A24A}.Debug|iPhoneSimulator.Build.0 = Debug|x86
		{057709B3-F8BF-4802-B391-B52A85A1A24A}.Debug|iPhoneSimulator.Deploy.0 = Debug|x86
		{057709B3-F8BF-4802-B391-B52A85A1A24A}.Debug|x64.ActiveCfg = Debug|x64
		{057709B3-F8BF-4802-B391-B52A85A1A24A}.Debug|x64.Build.0 = Debug|x64
		{057709B3-F8BF-4802-B391-B52A85A1A24A}.Debug|x64.Deploy.0 = Debug|x64
		{057709B3-F8BF-4802-B391-B52A85A1A24A}.Debug|x86.ActiveCfg = Debug|x86
		{057709B3-F8BF-4802-B391-B52A85A1A24A}.Debug|x86.Build.0 = Debug|x86
		{057709B3-F8BF-4802-B391-B52A85A1A24A}.Debug|x86.Deploy.0 = Debug|x86
		{057709B3-F8BF-4802-B391-B52A85A1A24A}.Release|Any CPU.ActiveCfg = Release|x86
		{057709B3-F8BF-4802-B391-B52A85A1A24A}.Release|Any CPU.Build.0 = Release|x86
		{057709B3-F8BF-4802-B391-B52A85A1A24A}.Release|Any CPU.Deploy.0 = Release|x86
		{057709B3-F8BF-4802-B391-B52A85A1A24A}.Release|ARM.ActiveCfg = Release|ARM
		{057709B3-F8BF-4802-B391-B52A85A1A24A}.Release|ARM.Build.0 = Release|ARM
		{057709B3-F8BF-4802-B391-B52A85A1A24A}.Release|ARM.Deploy.0 = Release|ARM
		{057709B3-F8BF-4802-B391-B52A85A1A24A}.Release|iPhone.ActiveCfg = Release|x86
		{057709B3-F8BF-4802-B391-B52A85A1A24A}.Release|iPhone.Build.0 = Release|x86
		{057709B3-F8BF-4802-B391-B52A85A1A24A}.Release|iPhone.Deploy.0 = Release|x86
		{057709B3-F8BF-4802-B391-B52A85A1A24A}.Release|iPhoneSimulator.ActiveCfg = Release|x86
		{057709B3-F8BF-4802-B391-B52A85A1A24A}.Release|iPhoneSimulator.Build.0 = Release|x86
		{057709B3-F8BF-4802-B391-B52A85A1A24A}.Release|iPhoneSimulator.Deploy.0 = Release|x86
		{057709B3-F8BF-4802-B391-B52A85A1A24A}.Release|x64.ActiveCfg = Release|x64
		{057709B3-F8BF-4802-B391-B52A85A1A24A}.Release|x64.Build.0 = Release|x64
		{057709B3-F8BF-4802-B391-B52A85A1A24A}.Release|x64.Deploy.0 = Release|x64
		{057709B3-F8BF-4802-B391-B52A85A1A24A}.Release|x86.ActiveCfg = Release|x86
		{057709B3-F8BF-4802-B391-B52A85A1A24A}.Release|x86.Build.0 = Release|x86
		{057709B3-F8BF-4802-B391-B52A85A1A24A}.Release|x86.Deploy.0 = Release|x86
		{814076DD-57B4-4A6D-8D87-8E432B8C019F}.Debug|Any CPU.ActiveCfg = Debug|Any CPU
		{814076DD-57B4-4A6D-8D87-8E432B8C019F}.Debug|Any CPU.Build.0 = Debug|Any CPU
		{814076DD-57B4-4A6D-8D87-8E432B8C019F}.Debug|Any CPU.Deploy.0 = Debug|Any CPU
		{814076DD-57B4-4A6D-8D87-8E432B8C019F}.Debug|ARM.ActiveCfg = Debug|Any CPU
		{814076DD-57B4-4A6D-8D87-8E432B8C019F}.Debug|ARM.Build.0 = Debug|Any CPU
		{814076DD-57B4-4A6D-8D87-8E432B8C019F}.Debug|ARM.Deploy.0 = Debug|Any CPU
		{814076DD-57B4-4A6D-8D87-8E432B8C019F}.Debug|iPhone.ActiveCfg = Debug|Any CPU
		{814076DD-57B4-4A6D-8D87-8E432B8C019F}.Debug|iPhone.Build.0 = Debug|Any CPU
		{814076DD-57B4-4A6D-8D87-8E432B8C019F}.Debug|iPhone.Deploy.0 = Debug|Any CPU
		{814076DD-57B4-4A6D-8D87-8E432B8C019F}.Debug|iPhoneSimulator.ActiveCfg = Debug|Any CPU
		{814076DD-57B4-4A6D-8D87-8E432B8C019F}.Debug|iPhoneSimulator.Build.0 = Debug|Any CPU
		{814076DD-57B4-4A6D-8D87-8E432B8C019F}.Debug|iPhoneSimulator.Deploy.0 = Debug|Any CPU
		{814076DD-57B4-4A6D-8D87-8E432B8C019F}.Debug|x64.ActiveCfg = Debug|Any CPU
		{814076DD-57B4-4A6D-8D87-8E432B8C019F}.Debug|x64.Build.0 = Debug|Any CPU
		{814076DD-57B4-4A6D-8D87-8E432B8C019F}.Debug|x64.Deploy.0 = Debug|Any CPU
		{814076DD-57B4-4A6D-8D87-8E432B8C019F}.Debug|x86.ActiveCfg = Debug|Any CPU
		{814076DD-57B4-4A6D-8D87-8E432B8C019F}.Debug|x86.Build.0 = Debug|Any CPU
		{814076DD-57B4-4A6D-8D87-8E432B8C019F}.Debug|x86.Deploy.0 = Debug|Any CPU
		{814076DD-57B4-4A6D-8D87-8E432B8C019F}.Release|Any CPU.ActiveCfg = Release|Any CPU
		{814076DD-57B4-4A6D-8D87-8E432B8C019F}.Release|Any CPU.Build.0 = Release|Any CPU
		{814076DD-57B4-4A6D-8D87-8E432B8C019F}.Release|Any CPU.Deploy.0 = Release|Any CPU
		{814076DD-57B4-4A6D-8D87-8E432B8C019F}.Release|ARM.ActiveCfg = Release|Any CPU
		{814076DD-57B4-4A6D-8D87-8E432B8C019F}.Release|ARM.Build.0 = Release|Any CPU
		{814076DD-57B4-4A6D-8D87-8E432B8C019F}.Release|ARM.Deploy.0 = Release|Any CPU
		{814076DD-57B4-4A6D-8D87-8E432B8C019F}.Release|iPhone.ActiveCfg = Release|Any CPU
		{814076DD-57B4-4A6D-8D87-8E432B8C019F}.Release|iPhone.Build.0 = Release|Any CPU
		{814076DD-57B4-4A6D-8D87-8E432B8C019F}.Release|iPhone.Deploy.0 = Release|Any CPU
		{814076DD-57B4-4A6D-8D87-8E432B8C019F}.Release|iPhoneSimulator.ActiveCfg = Release|Any CPU
		{814076DD-57B4-4A6D-8D87-8E432B8C019F}.Release|iPhoneSimulator.Build.0 = Release|Any CPU
		{814076DD-57B4-4A6D-8D87-8E432B8C019F}.Release|iPhoneSimulator.Deploy.0 = Release|Any CPU
		{814076DD-57B4-4A6D-8D87-8E432B8C019F}.Release|x64.ActiveCfg = Release|Any CPU
		{814076DD-57B4-4A6D-8D87-8E432B8C019F}.Release|x64.Build.0 = Release|Any CPU
		{814076DD-57B4-4A6D-8D87-8E432B8C019F}.Release|x64.Deploy.0 = Release|Any CPU
		{814076DD-57B4-4A6D-8D87-8E432B8C019F}.Release|x86.ActiveCfg = Release|Any CPU
		{814076DD-57B4-4A6D-8D87-8E432B8C019F}.Release|x86.Build.0 = Release|Any CPU
		{814076DD-57B4-4A6D-8D87-8E432B8C019F}.Release|x86.Deploy.0 = Release|Any CPU
		{E2F555C5-31F1-4B28-982B-816C849B69BC}.Debug|Any CPU.ActiveCfg = Debug|iPhone
		{E2F555C5-31F1-4B28-982B-816C849B69BC}.Debug|Any CPU.Build.0 = Debug|iPhone
		{E2F555C5-31F1-4B28-982B-816C849B69BC}.Debug|Any CPU.Deploy.0 = Debug|iPhone
		{E2F555C5-31F1-4B28-982B-816C849B69BC}.Debug|ARM.ActiveCfg = Debug|iPhoneSimulator
		{E2F555C5-31F1-4B28-982B-816C849B69BC}.Debug|ARM.Build.0 = Debug|iPhoneSimulator
		{E2F555C5-31F1-4B28-982B-816C849B69BC}.Debug|ARM.Deploy.0 = Debug|iPhoneSimulator
		{E2F555C5-31F1-4B28-982B-816C849B69BC}.Debug|iPhone.ActiveCfg = Debug|iPhone
		{E2F555C5-31F1-4B28-982B-816C849B69BC}.Debug|iPhone.Build.0 = Debug|iPhone
		{E2F555C5-31F1-4B28-982B-816C849B69BC}.Debug|iPhone.Deploy.0 = Debug|iPhone
		{E2F555C5-31F1-4B28-982B-816C849B69BC}.Debug|iPhoneSimulator.ActiveCfg = Debug|iPhoneSimulator
		{E2F555C5-31F1-4B28-982B-816C849B69BC}.Debug|iPhoneSimulator.Build.0 = Debug|iPhoneSimulator
		{E2F555C5-31F1-4B28-982B-816C849B69BC}.Debug|iPhoneSimulator.Deploy.0 = Debug|iPhoneSimulator
		{E2F555C5-31F1-4B28-982B-816C849B69BC}.Debug|x64.ActiveCfg = Debug|iPhone
		{E2F555C5-31F1-4B28-982B-816C849B69BC}.Debug|x64.Build.0 = Debug|iPhone
		{E2F555C5-31F1-4B28-982B-816C849B69BC}.Debug|x64.Deploy.0 = Debug|iPhone
		{E2F555C5-31F1-4B28-982B-816C849B69BC}.Debug|x86.ActiveCfg = Debug|iPhone
		{E2F555C5-31F1-4B28-982B-816C849B69BC}.Debug|x86.Build.0 = Debug|iPhone
		{E2F555C5-31F1-4B28-982B-816C849B69BC}.Debug|x86.Deploy.0 = Debug|iPhone
		{E2F555C5-31F1-4B28-982B-816C849B69BC}.Release|Any CPU.ActiveCfg = Release|iPhone
		{E2F555C5-31F1-4B28-982B-816C849B69BC}.Release|Any CPU.Build.0 = Release|iPhone
		{E2F555C5-31F1-4B28-982B-816C849B69BC}.Release|Any CPU.Deploy.0 = Release|iPhone
		{E2F555C5-31F1-4B28-982B-816C849B69BC}.Release|ARM.ActiveCfg = Release|iPhone
		{E2F555C5-31F1-4B28-982B-816C849B69BC}.Release|ARM.Build.0 = Release|iPhone
		{E2F555C5-31F1-4B28-982B-816C849B69BC}.Release|ARM.Deploy.0 = Release|iPhone
		{E2F555C5-31F1-4B28-982B-816C849B69BC}.Release|iPhone.ActiveCfg = Release|iPhone
		{E2F555C5-31F1-4B28-982B-816C849B69BC}.Release|iPhone.Build.0 = Release|iPhone
		{E2F555C5-31F1-4B28-982B-816C849B69BC}.Release|iPhone.Deploy.0 = Release|iPhone
		{E2F555C5-31F1-4B28-982B-816C849B69BC}.Release|iPhoneSimulator.ActiveCfg = Release|iPhoneSimulator
		{E2F555C5-31F1-4B28-982B-816C849B69BC}.Release|iPhoneSimulator.Build.0 = Release|iPhoneSimulator
		{E2F555C5-31F1-4B28-982B-816C849B69BC}.Release|iPhoneSimulator.Deploy.0 = Release|iPhoneSimulator
		{E2F555C5-31F1-4B28-982B-816C849B69BC}.Release|x64.ActiveCfg = Release|iPhone
		{E2F555C5-31F1-4B28-982B-816C849B69BC}.Release|x64.Build.0 = Release|iPhone
		{E2F555C5-31F1-4B28-982B-816C849B69BC}.Release|x64.Deploy.0 = Release|iPhone
		{E2F555C5-31F1-4B28-982B-816C849B69BC}.Release|x86.ActiveCfg = Release|iPhone
		{E2F555C5-31F1-4B28-982B-816C849B69BC}.Release|x86.Build.0 = Release|iPhone
		{E2F555C5-31F1-4B28-982B-816C849B69BC}.Release|x86.Deploy.0 = Release|iPhone
		{B128FC3D-FFE1-4A62-BA7A-EF1D0908140E}.Debug|Any CPU.ActiveCfg = Debug|Any CPU
		{B128FC3D-FFE1-4A62-BA7A-EF1D0908140E}.Debug|Any CPU.Build.0 = Debug|Any CPU
		{B128FC3D-FFE1-4A62-BA7A-EF1D0908140E}.Debug|Any CPU.Deploy.0 = Debug|Any CPU
		{B128FC3D-FFE1-4A62-BA7A-EF1D0908140E}.Debug|ARM.ActiveCfg = Debug|Any CPU
		{B128FC3D-FFE1-4A62-BA7A-EF1D0908140E}.Debug|ARM.Build.0 = Debug|Any CPU
		{B128FC3D-FFE1-4A62-BA7A-EF1D0908140E}.Debug|ARM.Deploy.0 = Debug|Any CPU
		{B128FC3D-FFE1-4A62-BA7A-EF1D0908140E}.Debug|iPhone.ActiveCfg = Debug|Any CPU
		{B128FC3D-FFE1-4A62-BA7A-EF1D0908140E}.Debug|iPhone.Build.0 = Debug|Any CPU
		{B128FC3D-FFE1-4A62-BA7A-EF1D0908140E}.Debug|iPhone.Deploy.0 = Debug|Any CPU
		{B128FC3D-FFE1-4A62-BA7A-EF1D0908140E}.Debug|iPhoneSimulator.ActiveCfg = Debug|Any CPU
		{B128FC3D-FFE1-4A62-BA7A-EF1D0908140E}.Debug|iPhoneSimulator.Build.0 = Debug|Any CPU
		{B128FC3D-FFE1-4A62-BA7A-EF1D0908140E}.Debug|iPhoneSimulator.Deploy.0 = Debug|Any CPU
		{B128FC3D-FFE1-4A62-BA7A-EF1D0908140E}.Debug|x64.ActiveCfg = Debug|Any CPU
		{B128FC3D-FFE1-4A62-BA7A-EF1D0908140E}.Debug|x64.Build.0 = Debug|Any CPU
		{B128FC3D-FFE1-4A62-BA7A-EF1D0908140E}.Debug|x64.Deploy.0 = Debug|Any CPU
		{B128FC3D-FFE1-4A62-BA7A-EF1D0908140E}.Debug|x86.ActiveCfg = Debug|Any CPU
		{B128FC3D-FFE1-4A62-BA7A-EF1D0908140E}.Debug|x86.Build.0 = Debug|Any CPU
		{B128FC3D-FFE1-4A62-BA7A-EF1D0908140E}.Debug|x86.Deploy.0 = Debug|Any CPU
		{B128FC3D-FFE1-4A62-BA7A-EF1D0908140E}.Release|Any CPU.ActiveCfg = Release|Any CPU
		{B128FC3D-FFE1-4A62-BA7A-EF1D0908140E}.Release|Any CPU.Build.0 = Release|Any CPU
		{B128FC3D-FFE1-4A62-BA7A-EF1D0908140E}.Release|Any CPU.Deploy.0 = Release|Any CPU
		{B128FC3D-FFE1-4A62-BA7A-EF1D0908140E}.Release|ARM.ActiveCfg = Release|Any CPU
		{B128FC3D-FFE1-4A62-BA7A-EF1D0908140E}.Release|ARM.Build.0 = Release|Any CPU
		{B128FC3D-FFE1-4A62-BA7A-EF1D0908140E}.Release|ARM.Deploy.0 = Release|Any CPU
		{B128FC3D-FFE1-4A62-BA7A-EF1D0908140E}.Release|iPhone.ActiveCfg = Release|Any CPU
		{B128FC3D-FFE1-4A62-BA7A-EF1D0908140E}.Release|iPhone.Build.0 = Release|Any CPU
		{B128FC3D-FFE1-4A62-BA7A-EF1D0908140E}.Release|iPhone.Deploy.0 = Release|Any CPU
		{B128FC3D-FFE1-4A62-BA7A-EF1D0908140E}.Release|iPhoneSimulator.ActiveCfg = Release|Any CPU
		{B128FC3D-FFE1-4A62-BA7A-EF1D0908140E}.Release|iPhoneSimulator.Build.0 = Release|Any CPU
		{B128FC3D-FFE1-4A62-BA7A-EF1D0908140E}.Release|iPhoneSimulator.Deploy.0 = Release|Any CPU
		{B128FC3D-FFE1-4A62-BA7A-EF1D0908140E}.Release|x64.ActiveCfg = Release|Any CPU
		{B128FC3D-FFE1-4A62-BA7A-EF1D0908140E}.Release|x64.Build.0 = Release|Any CPU
		{B128FC3D-FFE1-4A62-BA7A-EF1D0908140E}.Release|x64.Deploy.0 = Release|Any CPU
		{B128FC3D-FFE1-4A62-BA7A-EF1D0908140E}.Release|x86.ActiveCfg = Release|Any CPU
		{B128FC3D-FFE1-4A62-BA7A-EF1D0908140E}.Release|x86.Build.0 = Release|Any CPU
		{B128FC3D-FFE1-4A62-BA7A-EF1D0908140E}.Release|x86.Deploy.0 = Release|Any CPU
	EndGlobalSection
	GlobalSection(SolutionProperties) = preSolution
		HideSolutionNode = FALSE
	EndGlobalSection
	GlobalSection(ExtensibilityGlobals) = postSolution
		SolutionGuid = {8935231C-069B-4E16-8834-12C9623D8F05}
	EndGlobalSection
EndGlobal
